{
  "name": "incarnate-cloud",
  "version": "0.0.0",
  "lockfileVersion": 1,
  "requires": true,
  "dependencies": {
    "incarnate": {
      "version": "5.2.1",
      "resolved": "https://registry.npmjs.org/incarnate/-/incarnate-5.2.1.tgz",
      "integrity": "sha512-EDnECE/GAYD6vo8u0Gb6/LttsSkzgkqNT3F8MrjMPlXSDO2EU97xVUSaRpYO+r2+I2YDPSbmOSge/0+z9my+6Q=="
    }
  }
}
